
Microsoft Visual Studio Solution File, Format Version 12.00
# Visual Studio Version 16
VisualStudioVersion = 16.0.30011.22
MinimumVisualStudioVersion = 10.0.40219.1
Project("{9A19103F-16F7-4668-BE54-9A1E7A4F7556}") = "MasterProject.Web.MVC", "Interview.Web\MasterProject.Web.MVC.csproj", "{F991AD7D-253E-44D4-A438-A06E36F21066}"
EndProject
Project("{9A19103F-16F7-4668-BE54-9A1E7A4F7556}") = "MasterProject.Core", "MasterProject.Core\MasterProject.Core.csproj", "{65AA4EA6-BC2C-4714-8209-D7FFBDE9AF65}"
EndProject
Project("{9A19103F-16F7-4668-BE54-9A1E7A4F7556}") = "MasterProject.SharedKernel", "MasterProject.SharedKernel\MasterProject.SharedKernel.csproj", "{93DFB68B-89B9-4FA4-B378-6D1543FFCD5D}"
EndProject
Project("{9A19103F-16F7-4668-BE54-9A1E7A4F7556}") = "MasterProject.Infrastructure", "Interview.Infrastructure\MasterProject.Infrastructure.csproj", "{D5A05690-E632-44EB-A3CF-2A89F3B992E6}"
EndProject
Project("{9A19103F-16F7-4668-BE54-9A1E7A4F7556}") = "MasterProject.API", "Interview.API\MasterProject.API.csproj", "{73D0AF75-EA33-4D64-BBA9-18B4BAB8B56E}"
EndProject
Project("{FAE04EC0-301F-11D3-BF4B-00C04F79EFBC}") = "MasterProject.service", "Interview.service\MasterProject.service.csproj", "{8FA8A580-BC39-413F-B651-9732BA8B8AE6}"
EndProject
Project("{FAE04EC0-301F-11D3-BF4B-00C04F79EFBC}") = "MasterProject.Web.Blazor.ServerApp", "MasterProject.Web.Blazor.ServerApp\MasterProject.Web.Blazor.ServerApp.csproj", "{661F5540-B89B-492C-AC9E-C9BE4C3CE001}"
EndProject
Global
	GlobalSection(SolutionConfigurationPlatforms) = preSolution
		Debug|Any CPU = Debug|Any CPU
		Release|Any CPU = Release|Any CPU
	EndGlobalSection
	GlobalSection(ProjectConfigurationPlatforms) = postSolution
		{F991AD7D-253E-44D4-A438-A06E36F21066}.Debug|Any CPU.ActiveCfg = Debug|Any CPU
		{F991AD7D-253E-44D4-A438-A06E36F21066}.Debug|Any CPU.Build.0 = Debug|Any CPU
		{F991AD7D-253E-44D4-A438-A06E36F21066}.Release|Any CPU.ActiveCfg = Release|Any CPU
		{F991AD7D-253E-44D4-A438-A06E36F21066}.Release|Any CPU.Build.0 = Release|Any CPU
		{65AA4EA6-BC2C-4714-8209-D7FFBDE9AF65}.Debug|Any CPU.ActiveCfg = Debug|Any CPU
		{65AA4EA6-BC2C-4714-8209-D7FFBDE9AF65}.Debug|Any CPU.Build.0 = Debug|Any CPU
		{65AA4EA6-BC2C-4714-8209-D7FFBDE9AF65}.Release|Any CPU.ActiveCfg = Release|Any CPU
		{65AA4EA6-BC2C-4714-8209-D7FFBDE9AF65}.Release|Any CPU.Build.0 = Release|Any CPU
		{93DFB68B-89B9-4FA4-B378-6D1543FFCD5D}.Debug|Any CPU.ActiveCfg = Debug|Any CPU
		{93DFB68B-89B9-4FA4-B378-6D1543FFCD5D}.Debug|Any CPU.Build.0 = Debug|Any CPU
		{93DFB68B-89B9-4FA4-B378-6D1543FFCD5D}.Release|Any CPU.ActiveCfg = Release|Any CPU
		{93DFB68B-89B9-4FA4-B378-6D1543FFCD5D}.Release|Any CPU.Build.0 = Release|Any CPU
		{D5A05690-E632-44EB-A3CF-2A89F3B992E6}.Debug|Any CPU.ActiveCfg = Debug|Any CPU
		{D5A05690-E632-44EB-A3CF-2A89F3B992E6}.Debug|Any CPU.Build.0 = Debug|Any CPU
		{D5A05690-E632-44EB-A3CF-2A89F3B992E6}.Release|Any CPU.ActiveCfg = Release|Any CPU
		{D5A05690-E632-44EB-A3CF-2A89F3B992E6}.Release|Any CPU.Build.0 = Release|Any CPU
		{73D0AF75-EA33-4D64-BBA9-18B4BAB8B56E}.Debug|Any CPU.ActiveCfg = Debug|Any CPU
		{73D0AF75-EA33-4D64-BBA9-18B4BAB8B56E}.Debug|Any CPU.Build.0 = Debug|Any CPU
		{73D0AF75-EA33-4D64-BBA9-18B4BAB8B56E}.Release|Any CPU.ActiveCfg = Release|Any CPU
		{73D0AF75-EA33-4D64-BBA9-18B4BAB8B56E}.Release|Any CPU.Build.0 = Release|Any CPU
		{8FA8A580-BC39-413F-B651-9732BA8B8AE6}.Debug|Any CPU.ActiveCfg = Debug|Any CPU
		{8FA8A580-BC39-413F-B651-9732BA8B8AE6}.Debug|Any CPU.Build.0 = Debug|Any CPU
		{8FA8A580-BC39-413F-B651-9732BA8B8AE6}.Release|Any CPU.ActiveCfg = Release|Any CPU
		{8FA8A580-BC39-413F-B651-9732BA8B8AE6}.Release|Any CPU.Build.0 = Release|Any CPU
		{661F5540-B89B-492C-AC9E-C9BE4C3CE001}.Debug|Any CPU.ActiveCfg = Debug|Any CPU
		{661F5540-B89B-492C-AC9E-C9BE4C3CE001}.Debug|Any CPU.Build.0 = Debug|Any CPU
		{661F5540-B89B-492C-AC9E-C9BE4C3CE001}.Release|Any CPU.ActiveCfg = Release|Any CPU
		{661F5540-B89B-492C-AC9E-C9BE4C3CE001}.Release|Any CPU.Build.0 = Release|Any CPU
	EndGlobalSection
	GlobalSection(SolutionProperties) = preSolution
		HideSolutionNode = FALSE
	EndGlobalSection
	GlobalSection(ExtensibilityGlobals) = postSolution
		SolutionGuid = {F3D1BFD2-5CF7-407D-8FEC-D0125FB5FFCB}
	EndGlobalSection
EndGlobal
